// !$*UTF8*$!
{
	archiveVersion = 1;
	classes = {
	};
	objectVersion = 48;
	objects = {

/* Begin PBXBuildFile section */
		9F0E8C651FF69522007EA281 /* AppDelegate.swift in Sources */ = {isa = PBXBuildFile; fileRef = 9F0E8C641FF69522007EA281 /* AppDelegate.swift */; };
		9F0E8C671FF69522007EA281 /* ViewController.swift in Sources */ = {isa = PBXBuildFile; fileRef = 9F0E8C661FF69522007EA281 /* ViewController.swift */; };
		9F0E8C6A1FF69522007EA281 /* Main.storyboard in Resources */ = {isa = PBXBuildFile; fileRef = 9F0E8C681FF69522007EA281 /* Main.storyboard */; };
		9F0E8C6C1FF69522007EA281 /* Assets.xcassets in Resources */ = {isa = PBXBuildFile; fileRef = 9F0E8C6B1FF69522007EA281 /* Assets.xcassets */; };
		9F0E8C6F1FF69522007EA281 /* LaunchScreen.storyboard in Resources */ = {isa = PBXBuildFile; fileRef = 9F0E8C6D1FF69522007EA281 /* LaunchScreen.storyboard */; };
		9F0E8C781FF6968D007EA281 /* kangkaiRepo.swift in Sources */ = {isa = PBXBuildFile; fileRef = 9F0E8C771FF6968D007EA281 /* kangkaiRepo.swift */; };
/* End PBXBuildFile section */

/* Begin PBXFileReference section */
		9F0E8C611FF69522007EA281 /* kangkaiRepoDemo.app */ = {isa = PBXFileReference; explicitFileType = wrapper.application; includeInIndex = 0; path = kangkaiRepoDemo.app; sourceTree = BUILT_PRODUCTS_DIR; };
		9F0E8C641FF69522007EA281 /* AppDelegate.swift */ = {isa = PBXFileReference; lastKnownFileType = sourcecode.swift; path = AppDelegate.swift; sourceTree = "<group>"; };
		9F0E8C661FF69522007EA281 /* ViewController.swift */ = {isa = PBXFileReference; lastKnownFileType = sourcecode.swift; path = ViewController.swift; sourceTree = "<group>"; };
		9F0E8C691FF69522007EA281 /* Base */ = {isa = PBXFileReference; lastKnownFileType = file.storyboard; name = Base; path = Base.lproj/Main.storyboard; sourceTree = "<group>"; };
		9F0E8C6B1FF69522007EA281 /* Assets.xcassets */ = {isa = PBXFileReference; lastKnownFileType = folder.assetcatalog; path = Assets.xcassets; sourceTree = "<group>"; };
		9F0E8C6E1FF69522007EA281 /* Base */ = {isa = PBXFileReference; lastKnownFileType = file.storyboard; name = Base; path = Base.lproj/LaunchScreen.storyboard; sourceTree = "<group>"; };
		9F0E8C701FF69522007EA281 /* Info.plist */ = {isa = PBXFileReference; lastKnownFileType = text.plist.xml; path = Info.plist; sourceTree = "<group>"; };
		9F0E8C771FF6968D007EA281 /* kangkaiRepo.swift */ = {isa = PBXFileReference; lastKnownFileType = sourcecode.swift; path = kangkaiRepo.swift; sourceTree = "<group>"; };
/* End PBXFileReference section */

/* Begin PBXFrameworksBuildPhase section */
		9F0E8C5E1FF69522007EA281 /* Frameworks */ = {
			isa = PBXFrameworksBuildPhase;
			buildActionMask = 2147483647;
			files = (
			);
			runOnlyForDeploymentPostprocessing = 0;
		};
/* End PBXFrameworksBuildPhase section */

/* Begin PBXGroup section */
		9F0E8C581FF69522007EA281 = {
			isa = PBXGroup;
			children = (
				9F0E8C631FF69522007EA281 /* kangkaiRepoDemo */,
				9F0E8C621FF69522007EA281 /* Products */,
			);
			sourceTree = "<group>";
		};
		9F0E8C621FF69522007EA281 /* Products */ = {
			isa = PBXGroup;
			children = (
				9F0E8C611FF69522007EA281 /* kangkaiRepoDemo.app */,
			);
			name = Products;
			sourceTree = "<group>";
		};
		9F0E8C631FF69522007EA281 /* kangkaiRepoDemo */ = {
			isa = PBXGroup;
			children = (
				9F0E8C761FF695D0007EA281 /* kangkaiRepo */,
				9F0E8C641FF69522007EA281 /* AppDelegate.swift */,
				9F0E8C661FF69522007EA281 /* ViewController.swift */,
				9F0E8C681FF69522007EA281 /* Main.storyboard */,
				9F0E8C6B1FF69522007EA281 /* Assets.xcassets */,
				9F0E8C6D1FF69522007EA281 /* LaunchScreen.storyboard */,
				9F0E8C701FF69522007EA281 /* Info.plist */,
			);
			path = kangkaiRepoDemo;
			sourceTree = "<group>";
		};
		9F0E8C761FF695D0007EA281 /* kangkaiRepo */ = {
			isa = PBXGroup;
			children = (
				9F0E8C771FF6968D007EA281 /* kangkaiRepo.swift */,
			);
			path = kangkaiRepo;
			sourceTree = "<group>";
		};
/* End PBXGroup section */

/* Begin PBXNativeTarget section */
		9F0E8C601FF69522007EA281 /* kangkaiRepoDemo */ = {
			isa = PBXNativeTarget;
			buildConfigurationList = 9F0E8C731FF69522007EA281 /* Build configuration list for PBXNativeTarget "kangkaiRepoDemo" */;
			buildPhases = (
				9F0E8C5D1FF69522007EA281 /* Sources */,
				9F0E8C5E1FF69522007EA281 /* Frameworks */,
				9F0E8C5F1FF69522007EA281 /* Resources */,
			);
			buildRules = (
			);
			dependencies = (
			);
			name = kangkaiRepoDemo;
			productName = kangkaiRepoDemo;
			productReference = 9F0E8C611FF69522007EA281 /* kangkaiRepoDemo.app */;
			productType = "com.apple.product-type.application";
		};
/* End PBXNativeTarget section */

/* Begin PBXProject section */
		9F0E8C591FF69522007EA281 /* Project object */ = {
			isa = PBXProject;
			attributes = {
				LastSwiftUpdateCheck = 0920;
				LastUpgradeCheck = 0920;
				ORGANIZATIONNAME = kangkai;
				TargetAttributes = {
					9F0E8C601FF69522007EA281 = {
						CreatedOnToolsVersion = 9.2;
						ProvisioningStyle = Automatic;
					};
				};
			};
			buildConfigurationList = 9F0E8C5C1FF69522007EA281 /* Build configuration list for PBXProject "kangkaiRepoDemo" */;
			compatibilityVersion = "Xcode 8.0";
			developmentRegion = en;
			hasScannedForEncodings = 0;
			knownRegions = (
				en,
				Base,
			);
			mainGroup = 9F0E8C581FF69522007EA281;
			productRefGroup = 9F0E8C621FF69522007EA281 /* Products */;
			projectDirPath = "";
			projectRoot = "";
			targets = (
				9F0E8C601FF69522007EA281 /* kangkaiRepoDemo */,
			);
		};
/* End PBXProject section */

/* Begin PBXResourcesBuildPhase section */
		9F0E8C5F1FF69522007EA281 /* Resources */ = {
			isa = PBXResourcesBuildPhase;
			buildActionMask = 2147483647;
			files = (
				9F0E8C6F1FF69522007EA281 /* LaunchScreen.storyboard in Resources */,
				9F0E8C6C1FF69522007EA281 /* Assets.xcassets in Resources */,
				9F0E8C6A1FF69522007EA281 /* Main.storyboard in Resources */,
			);
			runOnlyForDeploymentPostprocessing = 0;
		};
/* End PBXResourcesBuildPhase section */

/* Begin PBXSourcesBuildPhase section */
		9F0E8C5D1FF69522007EA281 /* Sources */ = {
			isa = PBXSourcesBuildPhase;
			buildActionMask = 2147483647;
			files = (
				9F0E8C781FF6968D007EA281 /* kangkaiRepo.swift in Sources */,
				9F0E8C671FF69522007EA281 /* ViewController.swift in Sources */,
				9F0E8C651FF69522007EA281 /* AppDelegate.swift in Sources */,
			);
			runOnlyForDeploymentPostprocessing = 0;
		};
/* End PBXSourcesBuildPhase section */

/* Begin PBXVariantGroup section */
		9F0E8C681FF69522007EA281 /* Main.storyboard */ = {
			isa = PBXVariantGroup;
			children = (
				9F0E8C691FF69522007EA281 /* Base */,
			);
			name = Main.storyboard;
			sourceTree = "<group>";
		};
		9F0E8C6D1FF69522007EA281 /* LaunchScreen.storyboard */ = {
			isa = PBXVariantGroup;
			children = (
				9F0E8C6E1FF69522007EA281 /* Base */,
			);
			name = LaunchScreen.storyboard;
			sourceTree = "<group>";
		};
/* End PBXVariantGroup section */

/* Begin XCBuildConfiguration section */
		9F0E8C711FF69522007EA281 /* Debug */ = {
			isa = XCBuildConfiguration;
			buildSettings = {
				ALWAYS_SEARCH_USER_PATHS = NO;
				CLANG_ANALYZER_NONNULL = YES;
				CLANG_ANALYZER_NUMBER_OBJECT_CONVERSION = YES_AGGRESSIVE;
				CLANG_CXX_LANGUAGE_STANDARD = "gnu++14";
				CLANG_CXX_LIBRARY = "libc++";
				CLANG_ENABLE_MODULES = YES;
				CLANG_ENABLE_OBJC_ARC = YES;
				CLANG_WARN_BLOCK_CAPTURE_AUTORELEASING = YES;
				CLANG_WARN_BOOL_CONVERSION = YES;
				CLANG_WARN_COMMA = YES;
				CLANG_WARN_CONSTANT_CONVERSION = YES;
				CLANG_WARN_DIRECT_OBJC_ISA_USAGE = YES_ERROR;
				CLANG_WARN_DOCUMENTATION_COMMENTS = YES;
				CLANG_WARN_EMPTY_BODY = YES;
				CLANG_WARN_ENUM_CONVERSION = YES;
				CLANG_WARN_INFINITE_RECURSION = YES;
				CLANG_WARN_INT_CONVERSION = YES;
				CLANG_WARN_NON_LITERAL_NULL_CONVERSION = YES;
				CLANG_WARN_OBJC_LITERAL_CONVERSION = YES;
				CLANG_WARN_OBJC_ROOT_CLASS = YES_ERROR;
				CLANG_WARN_RANGE_LOOP_ANALYSIS = YES;
				CLANG_WARN_STRICT_PROTOTYPES = YES;
				CLANG_WARN_SUSPICIOUS_MOVE = YES;
				CLANG_WARN_UNGUARDED_AVAILABILITY = YES_AGGRESSIVE;
				CLANG_WARN_UNREACHABLE_CODE = YES;
				CLANG_WARN__DUPLICATE_METHOD_MATCH = YES;
				CODE_SIGN_IDENTITY = "iPhone Developer";
				COPY_PHASE_STRIP = NO;
				DEBUG_INFORMATION_FORMAT = dwarf;
				ENABLE_STRICT_OBJC_MSGSEND = YES;
				ENABLE_TESTABILITY = YES;
				GCC_C_LANGUAGE_STANDARD = gnu11;
				GCC_DYNAMIC_NO_PIC = NO;
				GCC_NO_COMMON_BLOCKS = YES;
				GCC_OPTIMIZATION_LEVEL = 0;
				GCC_PREPROCESSOR_DEFINITIONS = (
					"DEBUG=1",
					"$(inherited)",
				);
				GCC_WARN_64_TO_32_BIT_CONVERSION = YES;
				GCC_WARN_ABOUT_RETURN_TYPE = YES_ERROR;
				GCC_WARN_UNDECLARED_SELECTOR = YES;
				GCC_WARN_UNINITIALIZED_AUTOS = YES_AGGRESSIVE;
				GCC_WARN_UNUSED_FUNCTION = YES;
				GCC_WARN_UNUSED_VARIABLE = YES;
				IPHONEOS_DEPLOYMENT_TARGET = 11.2;
				MTL_ENABLE_DEBUG_INFO = YES;
				ONLY_ACTIVE_ARCH = YES;
				SDKROOT = iphoneos;
				SWIFT_ACTIVE_COMPILATION_CONDITIONS = DEBUG;
				SWIFT_OPTIMIZATION_LEVEL = "-Onone";
			};
			name = Debug;
		};
		9F0E8C721FF69522007EA281 /* Release */ = {
			isa = XCBuildConfiguration;
			buildSettings = {
				ALWAYS_SEARCH_USER_PATHS = NO;
				CLANG_ANALYZER_NONNULL = YES;
				CLANG_ANALYZER_NUMBER_OBJECT_CONVERSION = YES_AGGRESSIVE;
				CLANG_CXX_LANGUAGE_STANDARD = "gnu++14";
				CLANG_CXX_LIBRARY = "libc++";
				CLANG_ENABLE_MODULES = YES;
				CLANG_ENABLE_OBJC_ARC = YES;
				CLANG_WARN_BLOCK_CAPTURE_AUTORELEASING = YES;
				CLANG_WARN_BOOL_CONVERSION = YES;
				CLANG_WARN_COMMA = YES;
				CLANG_WARN_CONSTANT_CONVERSION = YES;
				CLANG_WARN_DIRECT_OBJC_ISA_USAGE = YES_ERROR;
				CLANG_WARN_DOCUMENTATION_COMMENTS = YES;
				CLANG_WARN_EMPTY_BODY = YES;
				CLANG_WARN_ENUM_CONVERSION = YES;
				CLANG_WARN_INFINITE_RECURSION = YES;
				CLANG_WARN_INT_CONVERSION = YES;
				CLANG_WARN_NON_LITERAL_NULL_CONVERSION = YES;
				CLANG_WARN_OBJC_LITERAL_CONVERSION = YES;
				CLANG_WARN_OBJC_ROOT_CLASS = YES_ERROR;
				CLANG_WARN_RANGE_LOOP_ANALYSIS = YES;
				CLANG_WARN_STRICT_PROTOTYPES = YES;
				CLANG_WARN_SUSPICIOUS_MOVE = YES;
				CLANG_WARN_UNGUARDED_AVAILABILITY = YES_AGGRESSIVE;
				CLANG_WARN_UNREACHABLE_CODE = YES;
				CLANG_WARN__DUPLICATE_METHOD_MATCH = YES;
				CODE_SIGN_IDENTITY = "iPhone Developer";
				COPY_PHASE_STRIP = NO;
				DEBUG_INFORMATION_FORMAT = "dwarf-with-dsym";
				ENABLE_NS_ASSERTIONS = NO;
				ENABLE_STRICT_OBJC_MSGSEND = YES;
				GCC_C_LANGUAGE_STANDARD = gnu11;
				GCC_NO_COMMON_BLOCKS = YES;
				GCC_WARN_64_TO_32_BIT_CONVERSION = YES;
				GCC_WARN_ABOUT_RETURN_TYPE = YES_ERROR;
				GCC_WARN_UNDECLARED_SELECTOR = YES;
				GCC_WARN_UNINITIALIZED_AUTOS = YES_AGGRESSIVE;
				GCC_WARN_UNUSED_FUNCTION = YES;
				GCC_WARN_UNUSED_VARIABLE = YES;
				IPHONEOS_DEPLOYMENT_TARGET = 11.2;
				MTL_ENABLE_DEBUG_INFO = NO;
				SDKROOT = iphoneos;
				SWIFT_OPTIMIZATION_LEVEL = "-Owholemodule";
				VALIDATE_PRODUCT = YES;
			};
			name = Release;
		};
		9F0E8C741FF69522007EA281 /* Debug */ = {
			isa = XCBuildConfiguration;
			buildSettings = {
				ASSETCATALOG_COMPILER_APPICON_NAME = AppIcon;
				CODE_SIGN_STYLE = Automatic;
				INFOPLIST_FILE = kangkaiRepoDemo/Info.plist;
				LD_RUNPATH_SEARCH_PATHS = "$(inherited) @executable_path/Frameworks";
				PRODUCT_BUNDLE_IDENTIFIER = com.kangkai.kangkaiRepoDemo;
				PRODUCT_NAME = "$(TARGET_NAME)";
				SWIFT_VERSION = 4.0;
				TARGETED_DEVICE_FAMILY = "1,2";
			};
			name = Debug;
		};
		9F0E8C751FF69522007EA281 /* Release */ = {
			isa = XCBuildConfiguration;
			buildSettings = {
				ASSETCATALOG_COMPILER_APPICON_NAME = AppIcon;
				CODE_SIGN_STYLE = Automatic;
				INFOPLIST_FILE = kangkaiRepoDemo/Info.plist;
				LD_RUNPATH_SEARCH_PATHS = "$(inherited) @executable_path/Frameworks";
				PRODUCT_BUNDLE_IDENTIFIER = com.kangkai.kangkaiRepoDemo;
				PRODUCT_NAME = "$(TARGET_NAME)";
				SWIFT_VERSION = 4.0;
				TARGETED_DEVICE_FAMILY = "1,2";
			};
			name = Release;
		};
/* End XCBuildConfiguration section */

/* Begin XCConfigurationList section */
		9F0E8C5C1FF69522007EA281 /* Build configuration list for PBXProject "kangkaiRepoDemo" */ = {
			isa = XCConfigurationList;
			buildConfigurations = (
				9F0E8C711FF69522007EA281 /* Debug */,
				9F0E8C721FF69522007EA281 /* Release */,
			);
			defaultConfigurationIsVisible = 0;
			defaultConfigurationName = Release;
		};
		9F0E8C731FF69522007EA281 /* Build configuration list for PBXNativeTarget "kangkaiRepoDemo" */ = {
			isa = XCConfigurationList;
			buildConfigurations = (
				9F0E8C741FF69522007EA281 /* Debug */,
				9F0E8C751FF69522007EA281 /* Release */,
			);
			defaultConfigurationIsVisible = 0;
			defaultConfigurationName = Release;
		};
/* End XCConfigurationList section */
	};
	rootObject = 9F0E8C591FF69522007EA281 /* Project object */;
}
